
Microsoft Visual Studio Solution File, Format Version 12.00
Project("{FAE04EC0-301F-11D3-BF4B-00C04F79EFBC}") = "1.API", "1.API\1.API.csproj", "{D57CF3D0-0D36-4909-B4E3-2158A9855550}"
EndProject
Project("{FAE04EC0-301F-11D3-BF4B-00C04F79EFBC}") = "2.Domain", "2.Domain\2.Domain.csproj", "{03E79BC6-0AB4-4037-8AD8-1325486C6984}"
EndProject
Project("{FAE04EC0-301F-11D3-BF4B-00C04F79EFBC}") = "3.Data", "3.Data\3.Data.csproj", "{5132EB59-D8A7-4B26-849A-56D1C8A2C750}"
EndProject
Project("{FAE04EC0-301F-11D3-BF4B-00C04F79EFBC}") = "2.Domain.Test", "2.Domain.Test\2.Domain.Test.csproj", "{0AEEDF1C-6E08-456F-B2DC-8DD5A5D1E774}"
EndProject
Project("{FAE04EC0-301F-11D3-BF4B-00C04F79EFBC}") = "1.API.Test", "1.API.Test\1.API.Test.csproj", "{E41C1E29-DF63-4F76-92B8-D3960F4E7246}"
EndProject
Global
	GlobalSection(SolutionConfigurationPlatforms) = preSolution
		Debug|Any CPU = Debug|Any CPU
		Release|Any CPU = Release|Any CPU
	EndGlobalSection
	GlobalSection(ProjectConfigurationPlatforms) = postSolution
		{D57CF3D0-0D36-4909-B4E3-2158A9855550}.Debug|Any CPU.ActiveCfg = Debug|Any CPU
		{D57CF3D0-0D36-4909-B4E3-2158A9855550}.Debug|Any CPU.Build.0 = Debug|Any CPU
		{D57CF3D0-0D36-4909-B4E3-2158A9855550}.Release|Any CPU.ActiveCfg = Release|Any CPU
		{D57CF3D0-0D36-4909-B4E3-2158A9855550}.Release|Any CPU.Build.0 = Release|Any CPU
		{03E79BC6-0AB4-4037-8AD8-1325486C6984}.Debug|Any CPU.ActiveCfg = Debug|Any CPU
		{03E79BC6-0AB4-4037-8AD8-1325486C6984}.Debug|Any CPU.Build.0 = Debug|Any CPU
		{03E79BC6-0AB4-4037-8AD8-1325486C6984}.Release|Any CPU.ActiveCfg = Release|Any CPU
		{03E79BC6-0AB4-4037-8AD8-1325486C6984}.Release|Any CPU.Build.0 = Release|Any CPU
		{5132EB59-D8A7-4B26-849A-56D1C8A2C750}.Debug|Any CPU.ActiveCfg = Debug|Any CPU
		{5132EB59-D8A7-4B26-849A-56D1C8A2C750}.Debug|Any CPU.Build.0 = Debug|Any CPU
		{5132EB59-D8A7-4B26-849A-56D1C8A2C750}.Release|Any CPU.ActiveCfg = Release|Any CPU
		{5132EB59-D8A7-4B26-849A-56D1C8A2C750}.Release|Any CPU.Build.0 = Release|Any CPU
		{0AEEDF1C-6E08-456F-B2DC-8DD5A5D1E774}.Debug|Any CPU.ActiveCfg = Debug|Any CPU
		{0AEEDF1C-6E08-456F-B2DC-8DD5A5D1E774}.Debug|Any CPU.Build.0 = Debug|Any CPU
		{0AEEDF1C-6E08-456F-B2DC-8DD5A5D1E774}.Release|Any CPU.ActiveCfg = Release|Any CPU
		{0AEEDF1C-6E08-456F-B2DC-8DD5A5D1E774}.Release|Any CPU.Build.0 = Release|Any CPU
		{E41C1E29-DF63-4F76-92B8-D3960F4E7246}.Debug|Any CPU.ActiveCfg = Debug|Any CPU
		{E41C1E29-DF63-4F76-92B8-D3960F4E7246}.Debug|Any CPU.Build.0 = Debug|Any CPU
		{E41C1E29-DF63-4F76-92B8-D3960F4E7246}.Release|Any CPU.ActiveCfg = Release|Any CPU
		{E41C1E29-DF63-4F76-92B8-D3960F4E7246}.Release|Any CPU.Build.0 = Release|Any CPU
	EndGlobalSection
EndGlobal
